// !$*UTF8*$!
{
	archiveVersion = 1;
	classes = {
	};
	objectVersion = 50;
	objects = {

/* Begin PBXBuildFile section */
		3E34D98925F10EE500BCE79D /* MainNavigationController.swift in Sources */ = {isa = PBXBuildFile; fileRef = 3E34D98825F10EE500BCE79D /* MainNavigationController.swift */; };
		3E34D98D25F118C100BCE79D /* HomeTabbarController.swift in Sources */ = {isa = PBXBuildFile; fileRef = 3E34D98C25F118C100BCE79D /* HomeTabbarController.swift */; };
		3E34D99025F11BBE00BCE79D /* ProfileViewController.swift in Sources */ = {isa = PBXBuildFile; fileRef = 3E34D98F25F11BBE00BCE79D /* ProfileViewController.swift */; };
		3E34D99425F11D5A00BCE79D /* AppData.swift in Sources */ = {isa = PBXBuildFile; fileRef = 3E34D99325F11D5A00BCE79D /* AppData.swift */; };
		3E34D99725F11D8B00BCE79D /* UserModel.swift in Sources */ = {isa = PBXBuildFile; fileRef = 3E34D99625F11D8B00BCE79D /* UserModel.swift */; };
		3E34D99B25F11DCF00BCE79D /* MockAPI.swift in Sources */ = {isa = PBXBuildFile; fileRef = 3E34D99A25F11DCF00BCE79D /* MockAPI.swift */; };
		3E34D99E25F11E8A00BCE79D /* MockData.swift in Sources */ = {isa = PBXBuildFile; fileRef = 3E34D99D25F11E8A00BCE79D /* MockData.swift */; };
		3E3FA39325EE052700A5541F /* AppDelegate.swift in Sources */ = {isa = PBXBuildFile; fileRef = 3E3FA39225EE052700A5541F /* AppDelegate.swift */; };
		3E3FA39525EE052700A5541F /* SceneDelegate.swift in Sources */ = {isa = PBXBuildFile; fileRef = 3E3FA39425EE052700A5541F /* SceneDelegate.swift */; };
		3E3FA39725EE052700A5541F /* LoginViewController.swift in Sources */ = {isa = PBXBuildFile; fileRef = 3E3FA39625EE052700A5541F /* LoginViewController.swift */; };
		3E3FA39A25EE052700A5541F /* Main.storyboard in Resources */ = {isa = PBXBuildFile; fileRef = 3E3FA39825EE052700A5541F /* Main.storyboard */; };
		3E3FA39C25EE052A00A5541F /* Assets.xcassets in Resources */ = {isa = PBXBuildFile; fileRef = 3E3FA39B25EE052A00A5541F /* Assets.xcassets */; };
		3E3FA39F25EE052A00A5541F /* LaunchScreen.storyboard in Resources */ = {isa = PBXBuildFile; fileRef = 3E3FA39D25EE052A00A5541F /* LaunchScreen.storyboard */; };
		3E3FA3A925EE05C400A5541F /* Pam.swift in Sources */ = {isa = PBXBuildFile; fileRef = 3E3FA3A825EE05C400A5541F /* Pam.swift */; };
		3E3FA3B025EE089400A5541F /* pam-config.json in Resources */ = {isa = PBXBuildFile; fileRef = 3E3FA3AC25EE063C00A5541F /* pam-config.json */; };
		3E8366BF25EF9E2D009B80F7 /* logo_w_text.png in Resources */ = {isa = PBXBuildFile; fileRef = 3E8366BC25EF9E2D009B80F7 /* logo_w_text.png */; };
		3E8366C025EF9E2D009B80F7 /* logo_w_text@3x.png in Resources */ = {isa = PBXBuildFile; fileRef = 3E8366BD25EF9E2D009B80F7 /* logo_w_text@3x.png */; };
		3E8366C125EF9E2D009B80F7 /* logo_w_text@2x.png in Resources */ = {isa = PBXBuildFile; fileRef = 3E8366BE25EF9E2D009B80F7 /* logo_w_text@2x.png */; };
		3E8366CE25EFA30F009B80F7 /* bg.png in Resources */ = {isa = PBXBuildFile; fileRef = 3E8366CB25EFA30E009B80F7 /* bg.png */; };
		3E8366CF25EFA30F009B80F7 /* bg@2x.png in Resources */ = {isa = PBXBuildFile; fileRef = 3E8366CC25EFA30E009B80F7 /* bg@2x.png */; };
		3E8366D025EFA30F009B80F7 /* bg@3x.png in Resources */ = {isa = PBXBuildFile; fileRef = 3E8366CD25EFA30F009B80F7 /* bg@3x.png */; };
		3EE3C65325F0D33F00A115D2 /* RegisterViewController.swift in Sources */ = {isa = PBXBuildFile; fileRef = 3EE3C65225F0D33F00A115D2 /* RegisterViewController.swift */; };
		3EE3C65625F0D7A300A115D2 /* ProductsListViewController.swift in Sources */ = {isa = PBXBuildFile; fileRef = 3EE3C65525F0D7A300A115D2 /* ProductsListViewController.swift */; };
/* End PBXBuildFile section */

/* Begin PBXFileReference section */
		3E34D98825F10EE500BCE79D /* MainNavigationController.swift */ = {isa = PBXFileReference; lastKnownFileType = sourcecode.swift; path = MainNavigationController.swift; sourceTree = "<group>"; };
		3E34D98C25F118C100BCE79D /* HomeTabbarController.swift */ = {isa = PBXFileReference; lastKnownFileType = sourcecode.swift; path = HomeTabbarController.swift; sourceTree = "<group>"; };
		3E34D98F25F11BBE00BCE79D /* ProfileViewController.swift */ = {isa = PBXFileReference; lastKnownFileType = sourcecode.swift; path = ProfileViewController.swift; sourceTree = "<group>"; };
		3E34D99325F11D5A00BCE79D /* AppData.swift */ = {isa = PBXFileReference; lastKnownFileType = sourcecode.swift; path = AppData.swift; sourceTree = "<group>"; };
		3E34D99625F11D8B00BCE79D /* UserModel.swift */ = {isa = PBXFileReference; lastKnownFileType = sourcecode.swift; path = UserModel.swift; sourceTree = "<group>"; };
		3E34D99A25F11DCF00BCE79D /* MockAPI.swift */ = {isa = PBXFileReference; lastKnownFileType = sourcecode.swift; path = MockAPI.swift; sourceTree = "<group>"; };
		3E34D99D25F11E8A00BCE79D /* MockData.swift */ = {isa = PBXFileReference; lastKnownFileType = sourcecode.swift; path = MockData.swift; sourceTree = "<group>"; };
		3E3FA38F25EE052700A5541F /* pam-demo.app */ = {isa = PBXFileReference; explicitFileType = wrapper.application; includeInIndex = 0; path = "pam-demo.app"; sourceTree = BUILT_PRODUCTS_DIR; };
		3E3FA39225EE052700A5541F /* AppDelegate.swift */ = {isa = PBXFileReference; lastKnownFileType = sourcecode.swift; path = AppDelegate.swift; sourceTree = "<group>"; };
		3E3FA39425EE052700A5541F /* SceneDelegate.swift */ = {isa = PBXFileReference; lastKnownFileType = sourcecode.swift; path = SceneDelegate.swift; sourceTree = "<group>"; };
		3E3FA39625EE052700A5541F /* LoginViewController.swift */ = {isa = PBXFileReference; lastKnownFileType = sourcecode.swift; path = LoginViewController.swift; sourceTree = "<group>"; };
		3E3FA39925EE052700A5541F /* Base */ = {isa = PBXFileReference; lastKnownFileType = file.storyboard; name = Base; path = Base.lproj/Main.storyboard; sourceTree = "<group>"; };
		3E3FA39B25EE052A00A5541F /* Assets.xcassets */ = {isa = PBXFileReference; lastKnownFileType = folder.assetcatalog; path = Assets.xcassets; sourceTree = "<group>"; };
		3E3FA39E25EE052A00A5541F /* Base */ = {isa = PBXFileReference; lastKnownFileType = file.storyboard; name = Base; path = Base.lproj/LaunchScreen.storyboard; sourceTree = "<group>"; };
		3E3FA3A025EE052A00A5541F /* Info.plist */ = {isa = PBXFileReference; lastKnownFileType = text.plist.xml; path = Info.plist; sourceTree = "<group>"; };
		3E3FA3A825EE05C400A5541F /* Pam.swift */ = {isa = PBXFileReference; lastKnownFileType = sourcecode.swift; path = Pam.swift; sourceTree = "<group>"; };
		3E3FA3AC25EE063C00A5541F /* pam-config.json */ = {isa = PBXFileReference; lastKnownFileType = text.json; path = "pam-config.json"; sourceTree = "<group>"; };
		3E3FA3B325EE0EF800A5541F /* pam-demo.entitlements */ = {isa = PBXFileReference; lastKnownFileType = text.plist.entitlements; path = "pam-demo.entitlements"; sourceTree = "<group>"; };
		3E8366BC25EF9E2D009B80F7 /* logo_w_text.png */ = {isa = PBXFileReference; lastKnownFileType = image.png; path = logo_w_text.png; sourceTree = "<group>"; };
		3E8366BD25EF9E2D009B80F7 /* logo_w_text@3x.png */ = {isa = PBXFileReference; lastKnownFileType = image.png; path = "logo_w_text@3x.png"; sourceTree = "<group>"; };
		3E8366BE25EF9E2D009B80F7 /* logo_w_text@2x.png */ = {isa = PBXFileReference; lastKnownFileType = image.png; path = "logo_w_text@2x.png"; sourceTree = "<group>"; };
		3E8366CB25EFA30E009B80F7 /* bg.png */ = {isa = PBXFileReference; lastKnownFileType = image.png; path = bg.png; sourceTree = "<group>"; };
		3E8366CC25EFA30E009B80F7 /* bg@2x.png */ = {isa = PBXFileReference; lastKnownFileType = image.png; path = "bg@2x.png"; sourceTree = "<group>"; };
		3E8366CD25EFA30F009B80F7 /* bg@3x.png */ = {isa = PBXFileReference; lastKnownFileType = image.png; path = "bg@3x.png"; sourceTree = "<group>"; };
		3EE3C65225F0D33F00A115D2 /* RegisterViewController.swift */ = {isa = PBXFileReference; lastKnownFileType = sourcecode.swift; path = RegisterViewController.swift; sourceTree = "<group>"; };
		3EE3C65525F0D7A300A115D2 /* ProductsListViewController.swift */ = {isa = PBXFileReference; lastKnownFileType = sourcecode.swift; path = ProductsListViewController.swift; sourceTree = "<group>"; };
/* End PBXFileReference section */

/* Begin PBXFrameworksBuildPhase section */
		3E3FA38C25EE052700A5541F /* Frameworks */ = {
			isa = PBXFrameworksBuildPhase;
			buildActionMask = 2147483647;
			files = (
			);
			runOnlyForDeploymentPostprocessing = 0;
		};
/* End PBXFrameworksBuildPhase section */

/* Begin PBXGroup section */
		3E34D99225F11D3D00BCE79D /* models */ = {
			isa = PBXGroup;
			children = (
				3E34D99325F11D5A00BCE79D /* AppData.swift */,
				3E34D99625F11D8B00BCE79D /* UserModel.swift */,
			);
			path = models;
			sourceTree = "<group>";
		};
		3E34D99925F11DC700BCE79D /* webservice */ = {
			isa = PBXGroup;
			children = (
				3E34D99A25F11DCF00BCE79D /* MockAPI.swift */,
				3E34D99D25F11E8A00BCE79D /* MockData.swift */,
			);
			path = webservice;
			sourceTree = "<group>";
		};
		3E3FA38625EE052700A5541F = {
			isa = PBXGroup;
			children = (
				3E3FA39125EE052700A5541F /* pam-demo */,
				3E3FA39025EE052700A5541F /* Products */,
			);
			sourceTree = "<group>";
		};
		3E3FA39025EE052700A5541F /* Products */ = {
			isa = PBXGroup;
			children = (
				3E3FA38F25EE052700A5541F /* pam-demo.app */,
			);
			name = Products;
			sourceTree = "<group>";
		};
		3E3FA39125EE052700A5541F /* pam-demo */ = {
			isa = PBXGroup;
			children = (
				3E3FA3B325EE0EF800A5541F /* pam-demo.entitlements */,
				3E3FA3AC25EE063C00A5541F /* pam-config.json */,
				3E3FA3A025EE052A00A5541F /* Info.plist */,
				3E3FA39225EE052700A5541F /* AppDelegate.swift */,
				3E34D98C25F118C100BCE79D /* HomeTabbarController.swift */,
				3E3FA39625EE052700A5541F /* LoginViewController.swift */,
				3E34D98825F10EE500BCE79D /* MainNavigationController.swift */,
				3EE3C65525F0D7A300A115D2 /* ProductsListViewController.swift */,
				3E34D98F25F11BBE00BCE79D /* ProfileViewController.swift */,
				3EE3C65225F0D33F00A115D2 /* RegisterViewController.swift */,
				3E3FA39425EE052700A5541F /* SceneDelegate.swift */,
				3E3FA39B25EE052A00A5541F /* Assets.xcassets */,
				3E8366BB25EF9E1B009B80F7 /* launch-screen */,
				3E3FA39D25EE052A00A5541F /* LaunchScreen.storyboard */,
				3E3FA39825EE052700A5541F /* Main.storyboard */,
				3E34D99225F11D3D00BCE79D /* models */,
				3E3FA3A725EE053C00A5541F /* pam-swift */,
				3E34D99925F11DC700BCE79D /* webservice */,
			);
			path = "pam-demo";
			sourceTree = "<group>";
		};
		3E3FA3A725EE053C00A5541F /* pam-swift */ = {
			isa = PBXGroup;
			children = (
				3E3FA3A825EE05C400A5541F /* Pam.swift */,
			);
			path = "pam-swift";
			sourceTree = "<group>";
		};
		3E8366BB25EF9E1B009B80F7 /* launch-screen */ = {
			isa = PBXGroup;
			children = (
				3E8366CB25EFA30E009B80F7 /* bg.png */,
				3E8366CC25EFA30E009B80F7 /* bg@2x.png */,
				3E8366CD25EFA30F009B80F7 /* bg@3x.png */,
				3E8366BC25EF9E2D009B80F7 /* logo_w_text.png */,
				3E8366BE25EF9E2D009B80F7 /* logo_w_text@2x.png */,
				3E8366BD25EF9E2D009B80F7 /* logo_w_text@3x.png */,
			);
			path = "launch-screen";
			sourceTree = "<group>";
		};
/* End PBXGroup section */

/* Begin PBXNativeTarget section */
		3E3FA38E25EE052700A5541F /* pam-demo */ = {
			isa = PBXNativeTarget;
			buildConfigurationList = 3E3FA3A325EE052A00A5541F /* Build configuration list for PBXNativeTarget "pam-demo" */;
			buildPhases = (
				3E3FA38B25EE052700A5541F /* Sources */,
				3E3FA38C25EE052700A5541F /* Frameworks */,
				3E3FA38D25EE052700A5541F /* Resources */,
			);
			buildRules = (
			);
			dependencies = (
			);
			name = "pam-demo";
			productName = "pam-demo";
			productReference = 3E3FA38F25EE052700A5541F /* pam-demo.app */;
			productType = "com.apple.product-type.application";
		};
/* End PBXNativeTarget section */

/* Begin PBXProject section */
		3E3FA38725EE052700A5541F /* Project object */ = {
			isa = PBXProject;
			attributes = {
				LastSwiftUpdateCheck = 1240;
				LastUpgradeCheck = 1240;
				TargetAttributes = {
					3E3FA38E25EE052700A5541F = {
						CreatedOnToolsVersion = 12.4;
					};
				};
			};
			buildConfigurationList = 3E3FA38A25EE052700A5541F /* Build configuration list for PBXProject "pam-demo" */;
			compatibilityVersion = "Xcode 9.3";
			developmentRegion = en;
			hasScannedForEncodings = 0;
			knownRegions = (
				en,
				Base,
			);
			mainGroup = 3E3FA38625EE052700A5541F;
			productRefGroup = 3E3FA39025EE052700A5541F /* Products */;
			projectDirPath = "";
			projectRoot = "";
			targets = (
				3E3FA38E25EE052700A5541F /* pam-demo */,
			);
		};
/* End PBXProject section */

/* Begin PBXResourcesBuildPhase section */
		3E3FA38D25EE052700A5541F /* Resources */ = {
			isa = PBXResourcesBuildPhase;
			buildActionMask = 2147483647;
			files = (
				3E8366CF25EFA30F009B80F7 /* bg@2x.png in Resources */,
				3E3FA3B025EE089400A5541F /* pam-config.json in Resources */,
				3E8366C025EF9E2D009B80F7 /* logo_w_text@3x.png in Resources */,
				3E8366CE25EFA30F009B80F7 /* bg.png in Resources */,
				3E8366D025EFA30F009B80F7 /* bg@3x.png in Resources */,
				3E3FA39F25EE052A00A5541F /* LaunchScreen.storyboard in Resources */,
				3E3FA39C25EE052A00A5541F /* Assets.xcassets in Resources */,
				3E3FA39A25EE052700A5541F /* Main.storyboard in Resources */,
				3E8366C125EF9E2D009B80F7 /* logo_w_text@2x.png in Resources */,
				3E8366BF25EF9E2D009B80F7 /* logo_w_text.png in Resources */,
			);
			runOnlyForDeploymentPostprocessing = 0;
		};
/* End PBXResourcesBuildPhase section */

/* Begin PBXSourcesBuildPhase section */
		3E3FA38B25EE052700A5541F /* Sources */ = {
			isa = PBXSourcesBuildPhase;
			buildActionMask = 2147483647;
			files = (
				3E34D98925F10EE500BCE79D /* MainNavigationController.swift in Sources */,
				3E3FA39725EE052700A5541F /* LoginViewController.swift in Sources */,
				3EE3C65325F0D33F00A115D2 /* RegisterViewController.swift in Sources */,
				3E34D99E25F11E8A00BCE79D /* MockData.swift in Sources */,
				3EE3C65625F0D7A300A115D2 /* ProductsListViewController.swift in Sources */,
				3E34D99B25F11DCF00BCE79D /* MockAPI.swift in Sources */,
				3E3FA39325EE052700A5541F /* AppDelegate.swift in Sources */,
				3E3FA3A925EE05C400A5541F /* Pam.swift in Sources */,
				3E34D99025F11BBE00BCE79D /* ProfileViewController.swift in Sources */,
				3E34D98D25F118C100BCE79D /* HomeTabbarController.swift in Sources */,
				3E3FA39525EE052700A5541F /* SceneDelegate.swift in Sources */,
				3E34D99425F11D5A00BCE79D /* AppData.swift in Sources */,
				3E34D99725F11D8B00BCE79D /* UserModel.swift in Sources */,
			);
			runOnlyForDeploymentPostprocessing = 0;
		};
/* End PBXSourcesBuildPhase section */

/* Begin PBXVariantGroup section */
		3E3FA39825EE052700A5541F /* Main.storyboard */ = {
			isa = PBXVariantGroup;
			children = (
				3E3FA39925EE052700A5541F /* Base */,
			);
			name = Main.storyboard;
			sourceTree = "<group>";
		};
		3E3FA39D25EE052A00A5541F /* LaunchScreen.storyboard */ = {
			isa = PBXVariantGroup;
			children = (
				3E3FA39E25EE052A00A5541F /* Base */,
			);
			name = LaunchScreen.storyboard;
			sourceTree = "<group>";
		};
/* End PBXVariantGroup section */

/* Begin XCBuildConfiguration section */
		3E3FA3A125EE052A00A5541F /* Debug */ = {
			isa = XCBuildConfiguration;
			buildSettings = {
				ALWAYS_SEARCH_USER_PATHS = NO;
				CLANG_ANALYZER_NONNULL = YES;
				CLANG_ANALYZER_NUMBER_OBJECT_CONVERSION = YES_AGGRESSIVE;
				CLANG_CXX_LANGUAGE_STANDARD = "gnu++14";
				CLANG_CXX_LIBRARY = "libc++";
				CLANG_ENABLE_MODULES = YES;
				CLANG_ENABLE_OBJC_ARC = YES;
				CLANG_ENABLE_OBJC_WEAK = YES;
				CLANG_WARN_BLOCK_CAPTURE_AUTORELEASING = YES;
				CLANG_WARN_BOOL_CONVERSION = YES;
				CLANG_WARN_COMMA = YES;
				CLANG_WARN_CONSTANT_CONVERSION = YES;
				CLANG_WARN_DEPRECATED_OBJC_IMPLEMENTATIONS = YES;
				CLANG_WARN_DIRECT_OBJC_ISA_USAGE = YES_ERROR;
				CLANG_WARN_DOCUMENTATION_COMMENTS = YES;
				CLANG_WARN_EMPTY_BODY = YES;
				CLANG_WARN_ENUM_CONVERSION = YES;
				CLANG_WARN_INFINITE_RECURSION = YES;
				CLANG_WARN_INT_CONVERSION = YES;
				CLANG_WARN_NON_LITERAL_NULL_CONVERSION = YES;
				CLANG_WARN_OBJC_IMPLICIT_RETAIN_SELF = YES;
				CLANG_WARN_OBJC_LITERAL_CONVERSION = YES;
				CLANG_WARN_OBJC_ROOT_CLASS = YES_ERROR;
				CLANG_WARN_QUOTED_INCLUDE_IN_FRAMEWORK_HEADER = YES;
				CLANG_WARN_RANGE_LOOP_ANALYSIS = YES;
				CLANG_WARN_STRICT_PROTOTYPES = YES;
				CLANG_WARN_SUSPICIOUS_MOVE = YES;
				CLANG_WARN_UNGUARDED_AVAILABILITY = YES_AGGRESSIVE;
				CLANG_WARN_UNREACHABLE_CODE = YES;
				CLANG_WARN__DUPLICATE_METHOD_MATCH = YES;
				COPY_PHASE_STRIP = NO;
				DEBUG_INFORMATION_FORMAT = dwarf;
				ENABLE_STRICT_OBJC_MSGSEND = YES;
				ENABLE_TESTABILITY = YES;
				GCC_C_LANGUAGE_STANDARD = gnu11;
				GCC_DYNAMIC_NO_PIC = NO;
				GCC_NO_COMMON_BLOCKS = YES;
				GCC_OPTIMIZATION_LEVEL = 0;
				GCC_PREPROCESSOR_DEFINITIONS = (
					"DEBUG=1",
					"$(inherited)",
				);
				GCC_WARN_64_TO_32_BIT_CONVERSION = YES;
				GCC_WARN_ABOUT_RETURN_TYPE = YES_ERROR;
				GCC_WARN_UNDECLARED_SELECTOR = YES;
				GCC_WARN_UNINITIALIZED_AUTOS = YES_AGGRESSIVE;
				GCC_WARN_UNUSED_FUNCTION = YES;
				GCC_WARN_UNUSED_VARIABLE = YES;
				IPHONEOS_DEPLOYMENT_TARGET = 14.4;
				MTL_ENABLE_DEBUG_INFO = INCLUDE_SOURCE;
				MTL_FAST_MATH = YES;
				ONLY_ACTIVE_ARCH = YES;
				SDKROOT = iphoneos;
				SWIFT_ACTIVE_COMPILATION_CONDITIONS = DEBUG;
				SWIFT_OPTIMIZATION_LEVEL = "-Onone";
			};
			name = Debug;
		};
		3E3FA3A225EE052A00A5541F /* Release */ = {
			isa = XCBuildConfiguration;
			buildSettings = {
				ALWAYS_SEARCH_USER_PATHS = NO;
				CLANG_ANALYZER_NONNULL = YES;
				CLANG_ANALYZER_NUMBER_OBJECT_CONVERSION = YES_AGGRESSIVE;
				CLANG_CXX_LANGUAGE_STANDARD = "gnu++14";
				CLANG_CXX_LIBRARY = "libc++";
				CLANG_ENABLE_MODULES = YES;
				CLANG_ENABLE_OBJC_ARC = YES;
				CLANG_ENABLE_OBJC_WEAK = YES;
				CLANG_WARN_BLOCK_CAPTURE_AUTORELEASING = YES;
				CLANG_WARN_BOOL_CONVERSION = YES;
				CLANG_WARN_COMMA = YES;
				CLANG_WARN_CONSTANT_CONVERSION = YES;
				CLANG_WARN_DEPRECATED_OBJC_IMPLEMENTATIONS = YES;
				CLANG_WARN_DIRECT_OBJC_ISA_USAGE = YES_ERROR;
				CLANG_WARN_DOCUMENTATION_COMMENTS = YES;
				CLANG_WARN_EMPTY_BODY = YES;
				CLANG_WARN_ENUM_CONVERSION = YES;
				CLANG_WARN_INFINITE_RECURSION = YES;
				CLANG_WARN_INT_CONVERSION = YES;
				CLANG_WARN_NON_LITERAL_NULL_CONVERSION = YES;
				CLANG_WARN_OBJC_IMPLICIT_RETAIN_SELF = YES;
				CLANG_WARN_OBJC_LITERAL_CONVERSION = YES;
				CLANG_WARN_OBJC_ROOT_CLASS = YES_ERROR;
				CLANG_WARN_QUOTED_INCLUDE_IN_FRAMEWORK_HEADER = YES;
				CLANG_WARN_RANGE_LOOP_ANALYSIS = YES;
				CLANG_WARN_STRICT_PROTOTYPES = YES;
				CLANG_WARN_SUSPICIOUS_MOVE = YES;
				CLANG_WARN_UNGUARDED_AVAILABILITY = YES_AGGRESSIVE;
				CLANG_WARN_UNREACHABLE_CODE = YES;
				CLANG_WARN__DUPLICATE_METHOD_MATCH = YES;
				COPY_PHASE_STRIP = NO;
				DEBUG_INFORMATION_FORMAT = "dwarf-with-dsym";
				ENABLE_NS_ASSERTIONS = NO;
				ENABLE_STRICT_OBJC_MSGSEND = YES;
				GCC_C_LANGUAGE_STANDARD = gnu11;
				GCC_NO_COMMON_BLOCKS = YES;
				GCC_WARN_64_TO_32_BIT_CONVERSION = YES;
				GCC_WARN_ABOUT_RETURN_TYPE = YES_ERROR;
				GCC_WARN_UNDECLARED_SELECTOR = YES;
				GCC_WARN_UNINITIALIZED_AUTOS = YES_AGGRESSIVE;
				GCC_WARN_UNUSED_FUNCTION = YES;
				GCC_WARN_UNUSED_VARIABLE = YES;
				IPHONEOS_DEPLOYMENT_TARGET = 14.4;
				MTL_ENABLE_DEBUG_INFO = NO;
				MTL_FAST_MATH = YES;
				SDKROOT = iphoneos;
				SWIFT_COMPILATION_MODE = wholemodule;
				SWIFT_OPTIMIZATION_LEVEL = "-O";
				VALIDATE_PRODUCT = YES;
			};
			name = Release;
		};
		3E3FA3A425EE052A00A5541F /* Debug */ = {
			isa = XCBuildConfiguration;
			buildSettings = {
				ASSETCATALOG_COMPILER_APPICON_NAME = AppIcon;
				ASSETCATALOG_COMPILER_GLOBAL_ACCENT_COLOR_NAME = AccentColor;
				CODE_SIGN_ENTITLEMENTS = "pam-demo/pam-demo.entitlements";
				CODE_SIGN_STYLE = Automatic;
				DEVELOPMENT_TEAM = 5PN9LL8N5M;
				INFOPLIST_FILE = "pam-demo/Info.plist";
				LD_RUNPATH_SEARCH_PATHS = (
					"$(inherited)",
					"@executable_path/Frameworks",
				);
				PRODUCT_BUNDLE_IDENTIFIER = "pams.ai.pam-demo";
				PRODUCT_NAME = "$(TARGET_NAME)";
				SWIFT_VERSION = 5.0;
				TARGETED_DEVICE_FAMILY = "1,2";
			};
			name = Debug;
		};
		3E3FA3A525EE052A00A5541F /* Release */ = {
			isa = XCBuildConfiguration;
			buildSettings = {
				ASSETCATALOG_COMPILER_APPICON_NAME = AppIcon;
				ASSETCATALOG_COMPILER_GLOBAL_ACCENT_COLOR_NAME = AccentColor;
				CODE_SIGN_ENTITLEMENTS = "pam-demo/pam-demo.entitlements";
				CODE_SIGN_STYLE = Automatic;
				DEVELOPMENT_TEAM = 5PN9LL8N5M;
				INFOPLIST_FILE = "pam-demo/Info.plist";
				LD_RUNPATH_SEARCH_PATHS = (
					"$(inherited)",
					"@executable_path/Frameworks",
				);
				PRODUCT_BUNDLE_IDENTIFIER = "pams.ai.pam-demo";
				PRODUCT_NAME = "$(TARGET_NAME)";
				SWIFT_VERSION = 5.0;
				TARGETED_DEVICE_FAMILY = "1,2";
			};
			name = Release;
		};
/* End XCBuildConfiguration section */

/* Begin XCConfigurationList section */
		3E3FA38A25EE052700A5541F /* Build configuration list for PBXProject "pam-demo" */ = {
			isa = XCConfigurationList;
			buildConfigurations = (
				3E3FA3A125EE052A00A5541F /* Debug */,
				3E3FA3A225EE052A00A5541F /* Release */,
			);
			defaultConfigurationIsVisible = 0;
			defaultConfigurationName = Release;
		};
		3E3FA3A325EE052A00A5541F /* Build configuration list for PBXNativeTarget "pam-demo" */ = {
			isa = XCConfigurationList;
			buildConfigurations = (
				3E3FA3A425EE052A00A5541F /* Debug */,
				3E3FA3A525EE052A00A5541F /* Release */,
			);
			defaultConfigurationIsVisible = 0;
			defaultConfigurationName = Release;
		};
/* End XCConfigurationList section */
	};
	rootObject = 3E3FA38725EE052700A5541F /* Project object */;
}
